{
    "_readme": [
        "This file locks the dependencies of your project to a known state",
        "Read more about it at https://getcomposer.org/doc/01-basic-usage.md#installing-dependencies",
        "This file is @generated automatically"
    ],
    "content-hash": "2dbda3a8ba63670c385f38db8d05f84d",
    "packages": [
        {
            "name": "myclabs/deep-copy",
            "version": "1.10.2",
            "source": {
                "type": "git",
                "url": "https://github.com/myclabs/DeepCopy.git",
                "reference": "776f831124e9c62e1a2c601ecc52e776d8bb7220"
            },
            "dist": {
                "type": "zip",
                "url": "https://api.github.com/repos/myclabs/DeepCopy/zipball/776f831124e9c62e1a2c601ecc52e776d8bb7220",
                "reference": "776f831124e9c62e1a2c601ecc52e776d8bb7220",
                "shasum": ""
            },
            "require": {
                "php": "^7.1 || ^8.0"
            },
            "replace": {
                "myclabs/deep-copy": "self.version"
            },
            "require-dev": {
                "doctrine/collections": "^1.0",
                "doctrine/common": "^2.6",
                "phpunit/phpunit": "^7.1"
            },
            "type": "library",
            "autoload": {
                "psr-4": {
                    "DeepCopy\\": "src/DeepCopy/"
                },
                "files": [
                    "src/DeepCopy/deep_copy.php"
                ]
            },
            "notification-url": "https://packagist.org/downloads/",
            "license": [
                "MIT"
            ],
            "description": "Create deep copies (clones) of your objects",
            "keywords": [
                "clone",
                "copy",
                "duplicate",
                "object",
                "object graph"
            ],
            "support": {
                "issues": "https://github.com/myclabs/DeepCopy/issues",
                "source": "https://github.com/myclabs/DeepCopy/tree/1.10.2"
            },
            "funding": [
                {
                    "url": "https://tidelift.com/funding/github/packagist/myclabs/deep-copy",
                    "type": "tidelift"
                }
            ],
            "time": "2020-11-13T09:40:50+00:00"
        }
    ],
    "packages-dev": [],
    "aliases": [],
    "minimum-stability": "stable",
    "stability-flags": [],
    "prefer-stable": false,
    "prefer-lowest": false,
    "platform": [],
    "platform-dev": [],
    "plugin-api-version": "2.0.0"
}
